
Microsoft Visual Studio Solution File, Format Version 12.00
# Visual Studio Version 16
VisualStudioVersion = 16.0.29215.179
MinimumVisualStudioVersion = 10.0.40219.1
Project("{FAE04EC0-301F-11D3-BF4B-00C04F79EFBC}") = "expense-api", "expense-api\expense-api.csproj", "{199B0287-2C59-434C-B057-7FF8F8435057}"
EndProject
Global
	GlobalSection(SolutionConfigurationPlatforms) = preSolution
		Debug|Any CPU = Debug|Any CPU
		Release|Any CPU = Release|Any CPU
	EndGlobalSection
	GlobalSection(ProjectConfigurationPlatforms) = postSolution
		{199B0287-2C59-434C-B057-7FF8F8435057}.Debug|Any CPU.ActiveCfg = Debug|Any CPU
		{199B0287-2C59-434C-B057-7FF8F8435057}.Debug|Any CPU.Build.0 = Debug|Any CPU
		{199B0287-2C59-434C-B057-7FF8F8435057}.Release|Any CPU.ActiveCfg = Release|Any CPU
		{199B0287-2C59-434C-B057-7FF8F8435057}.Release|Any CPU.Build.0 = Release|Any CPU
	EndGlobalSection
	GlobalSection(SolutionProperties) = preSolution
		HideSolutionNode = FALSE
	EndGlobalSection
	GlobalSection(ExtensibilityGlobals) = postSolution
		SolutionGuid = {C7E73132-BE70-459A-BF16-D1B331E478DE}
	EndGlobalSection
EndGlobal
